// !$*UTF8*$!
{
	archiveVersion = 1;
	classes = {
	};
	objectVersion = 56;
	objects = {

/* Begin PBXBuildFile section */
		5E0C92302981CBDA00BCFD3A /* Extension.swift in Sources */ = {isa = PBXBuildFile; fileRef = 5E0C922F2981CBDA00BCFD3A /* Extension.swift */; };
		5E945C5E2980AF1800A8B518 /* AppDelegate.swift in Sources */ = {isa = PBXBuildFile; fileRef = 5E945C5D2980AF1800A8B518 /* AppDelegate.swift */; };
		5E945C602980AF1800A8B518 /* SceneDelegate.swift in Sources */ = {isa = PBXBuildFile; fileRef = 5E945C5F2980AF1800A8B518 /* SceneDelegate.swift */; };
		5E945C672980AF1900A8B518 /* Assets.xcassets in Resources */ = {isa = PBXBuildFile; fileRef = 5E945C662980AF1900A8B518 /* Assets.xcassets */; };
		5E945C782980AFC600A8B518 /* PokedexController.swift in Sources */ = {isa = PBXBuildFile; fileRef = 5E945C772980AFC600A8B518 /* PokedexController.swift */; };
		5E9D24FB2984AA4000C10AFD /* PokedexCell.swift in Sources */ = {isa = PBXBuildFile; fileRef = 5E9D24FA2984AA4000C10AFD /* PokedexCell.swift */; };
/* End PBXBuildFile section */

/* Begin PBXFileReference section */
		5E0C922F2981CBDA00BCFD3A /* Extension.swift */ = {isa = PBXFileReference; lastKnownFileType = sourcecode.swift; path = Extension.swift; sourceTree = "<group>"; };
		5E945C5A2980AF1800A8B518 /* PokedexMVC.app */ = {isa = PBXFileReference; explicitFileType = wrapper.application; includeInIndex = 0; path = PokedexMVC.app; sourceTree = BUILT_PRODUCTS_DIR; };
		5E945C5D2980AF1800A8B518 /* AppDelegate.swift */ = {isa = PBXFileReference; lastKnownFileType = sourcecode.swift; path = AppDelegate.swift; sourceTree = "<group>"; };
		5E945C5F2980AF1800A8B518 /* SceneDelegate.swift */ = {isa = PBXFileReference; lastKnownFileType = sourcecode.swift; path = SceneDelegate.swift; sourceTree = "<group>"; };
		5E945C662980AF1900A8B518 /* Assets.xcassets */ = {isa = PBXFileReference; lastKnownFileType = folder.assetcatalog; path = Assets.xcassets; sourceTree = "<group>"; };
		5E945C6B2980AF1900A8B518 /* Info.plist */ = {isa = PBXFileReference; lastKnownFileType = text.plist.xml; path = Info.plist; sourceTree = "<group>"; };
		5E945C772980AFC600A8B518 /* PokedexController.swift */ = {isa = PBXFileReference; lastKnownFileType = sourcecode.swift; path = PokedexController.swift; sourceTree = "<group>"; };
		5E9D24FA2984AA4000C10AFD /* PokedexCell.swift */ = {isa = PBXFileReference; lastKnownFileType = sourcecode.swift; path = PokedexCell.swift; sourceTree = "<group>"; };
/* End PBXFileReference section */

/* Begin PBXFrameworksBuildPhase section */
		5E945C572980AF1800A8B518 /* Frameworks */ = {
			isa = PBXFrameworksBuildPhase;
			buildActionMask = 2147483647;
			files = (
			);
			runOnlyForDeploymentPostprocessing = 0;
		};
/* End PBXFrameworksBuildPhase section */

/* Begin PBXGroup section */
		5E945C512980AF1800A8B518 = {
			isa = PBXGroup;
			children = (
				5E945C5C2980AF1800A8B518 /* PokedexMVC */,
				5E945C5B2980AF1800A8B518 /* Products */,
			);
			sourceTree = "<group>";
		};
		5E945C5B2980AF1800A8B518 /* Products */ = {
			isa = PBXGroup;
			children = (
				5E945C5A2980AF1800A8B518 /* PokedexMVC.app */,
			);
			name = Products;
			sourceTree = "<group>";
		};
		5E945C5C2980AF1800A8B518 /* PokedexMVC */ = {
			isa = PBXGroup;
			children = (
				5E945C712980AF2B00A8B518 /* Model */,
				5E945C762980AF6500A8B518 /* View */,
				5E945C752980AF6300A8B518 /* Controller */,
				5E945C742980AF6100A8B518 /* Service */,
				5E945C732980AF5F00A8B518 /* Utils */,
				5E945C5D2980AF1800A8B518 /* AppDelegate.swift */,
				5E945C5F2980AF1800A8B518 /* SceneDelegate.swift */,
				5E945C662980AF1900A8B518 /* Assets.xcassets */,
				5E945C6B2980AF1900A8B518 /* Info.plist */,
			);
			path = PokedexMVC;
			sourceTree = "<group>";
		};
		5E945C712980AF2B00A8B518 /* Model */ = {
			isa = PBXGroup;
			children = (
			);
			path = Model;
			sourceTree = "<group>";
		};
		5E945C732980AF5F00A8B518 /* Utils */ = {
			isa = PBXGroup;
			children = (
				5E0C922F2981CBDA00BCFD3A /* Extension.swift */,
			);
			path = Utils;
			sourceTree = "<group>";
		};
		5E945C742980AF6100A8B518 /* Service */ = {
			isa = PBXGroup;
			children = (
			);
			path = Service;
			sourceTree = "<group>";
		};
		5E945C752980AF6300A8B518 /* Controller */ = {
			isa = PBXGroup;
			children = (
				5E945C772980AFC600A8B518 /* PokedexController.swift */,
			);
			path = Controller;
			sourceTree = "<group>";
		};
		5E945C762980AF6500A8B518 /* View */ = {
			isa = PBXGroup;
			children = (
				5E9D24FA2984AA4000C10AFD /* PokedexCell.swift */,
			);
			path = View;
			sourceTree = "<group>";
		};
/* End PBXGroup section */

/* Begin PBXNativeTarget section */
		5E945C592980AF1800A8B518 /* PokedexMVC */ = {
			isa = PBXNativeTarget;
			buildConfigurationList = 5E945C6E2980AF1900A8B518 /* Build configuration list for PBXNativeTarget "PokedexMVC" */;
			buildPhases = (
				5E945C562980AF1800A8B518 /* Sources */,
				5E945C572980AF1800A8B518 /* Frameworks */,
				5E945C582980AF1800A8B518 /* Resources */,
			);
			buildRules = (
			);
			dependencies = (
			);
			name = PokedexMVC;
			productName = PokedexMVC;
			productReference = 5E945C5A2980AF1800A8B518 /* PokedexMVC.app */;
			productType = "com.apple.product-type.application";
		};
/* End PBXNativeTarget section */

/* Begin PBXProject section */
		5E945C522980AF1800A8B518 /* Project object */ = {
			isa = PBXProject;
			attributes = {
				BuildIndependentTargetsInParallel = 1;
				LastSwiftUpdateCheck = 1420;
				LastUpgradeCheck = 1420;
				TargetAttributes = {
					5E945C592980AF1800A8B518 = {
						CreatedOnToolsVersion = 14.2;
					};
				};
			};
			buildConfigurationList = 5E945C552980AF1800A8B518 /* Build configuration list for PBXProject "PokedexMVC" */;
			compatibilityVersion = "Xcode 14.0";
			developmentRegion = en;
			hasScannedForEncodings = 0;
			knownRegions = (
				en,
				Base,
			);
			mainGroup = 5E945C512980AF1800A8B518;
			productRefGroup = 5E945C5B2980AF1800A8B518 /* Products */;
			projectDirPath = "";
			projectRoot = "";
			targets = (
				5E945C592980AF1800A8B518 /* PokedexMVC */,
			);
		};
/* End PBXProject section */

/* Begin PBXResourcesBuildPhase section */
		5E945C582980AF1800A8B518 /* Resources */ = {
			isa = PBXResourcesBuildPhase;
			buildActionMask = 2147483647;
			files = (
				5E945C672980AF1900A8B518 /* Assets.xcassets in Resources */,
			);
			runOnlyForDeploymentPostprocessing = 0;
		};
/* End PBXResourcesBuildPhase section */

/* Begin PBXSourcesBuildPhase section */
		5E945C562980AF1800A8B518 /* Sources */ = {
			isa = PBXSourcesBuildPhase;
			buildActionMask = 2147483647;
			files = (
				5E945C5E2980AF1800A8B518 /* AppDelegate.swift in Sources */,
				5E945C782980AFC600A8B518 /* PokedexController.swift in Sources */,
				5E945C602980AF1800A8B518 /* SceneDelegate.swift in Sources */,
				5E0C92302981CBDA00BCFD3A /* Extension.swift in Sources */,
				5E9D24FB2984AA4000C10AFD /* PokedexCell.swift in Sources */,
			);
			runOnlyForDeploymentPostprocessing = 0;
		};
/* End PBXSourcesBuildPhase section */

/* Begin XCBuildConfiguration section */
		5E945C6C2980AF1900A8B518 /* Debug */ = {
			isa = XCBuildConfiguration;
			buildSettings = {
				ALWAYS_SEARCH_USER_PATHS = NO;
				CLANG_ANALYZER_NONNULL = YES;
				CLANG_ANALYZER_NUMBER_OBJECT_CONVERSION = YES_AGGRESSIVE;
				CLANG_CXX_LANGUAGE_STANDARD = "gnu++20";
				CLANG_ENABLE_MODULES = YES;
				CLANG_ENABLE_OBJC_ARC = YES;
				CLANG_ENABLE_OBJC_WEAK = YES;
				CLANG_WARN_BLOCK_CAPTURE_AUTORELEASING = YES;
				CLANG_WARN_BOOL_CONVERSION = YES;
				CLANG_WARN_COMMA = YES;
				CLANG_WARN_CONSTANT_CONVERSION = YES;
				CLANG_WARN_DEPRECATED_OBJC_IMPLEMENTATIONS = YES;
				CLANG_WARN_DIRECT_OBJC_ISA_USAGE = YES_ERROR;
				CLANG_WARN_DOCUMENTATION_COMMENTS = YES;
				CLANG_WARN_EMPTY_BODY = YES;
				CLANG_WARN_ENUM_CONVERSION = YES;
				CLANG_WARN_INFINITE_RECURSION = YES;
				CLANG_WARN_INT_CONVERSION = YES;
				CLANG_WARN_NON_LITERAL_NULL_CONVERSION = YES;
				CLANG_WARN_OBJC_IMPLICIT_RETAIN_SELF = YES;
				CLANG_WARN_OBJC_LITERAL_CONVERSION = YES;
				CLANG_WARN_OBJC_ROOT_CLASS = YES_ERROR;
				CLANG_WARN_QUOTED_INCLUDE_IN_FRAMEWORK_HEADER = YES;
				CLANG_WARN_RANGE_LOOP_ANALYSIS = YES;
				CLANG_WARN_STRICT_PROTOTYPES = YES;
				CLANG_WARN_SUSPICIOUS_MOVE = YES;
				CLANG_WARN_UNGUARDED_AVAILABILITY = YES_AGGRESSIVE;
				CLANG_WARN_UNREACHABLE_CODE = YES;
				CLANG_WARN__DUPLICATE_METHOD_MATCH = YES;
				COPY_PHASE_STRIP = NO;
				DEBUG_INFORMATION_FORMAT = dwarf;
				ENABLE_STRICT_OBJC_MSGSEND = YES;
				ENABLE_TESTABILITY = YES;
				GCC_C_LANGUAGE_STANDARD = gnu11;
				GCC_DYNAMIC_NO_PIC = NO;
				GCC_NO_COMMON_BLOCKS = YES;
				GCC_OPTIMIZATION_LEVEL = 0;
				GCC_PREPROCESSOR_DEFINITIONS = (
					"DEBUG=1",
					"$(inherited)",
				);
				GCC_WARN_64_TO_32_BIT_CONVERSION = YES;
				GCC_WARN_ABOUT_RETURN_TYPE = YES_ERROR;
				GCC_WARN_UNDECLARED_SELECTOR = YES;
				GCC_WARN_UNINITIALIZED_AUTOS = YES_AGGRESSIVE;
				GCC_WARN_UNUSED_FUNCTION = YES;
				GCC_WARN_UNUSED_VARIABLE = YES;
				IPHONEOS_DEPLOYMENT_TARGET = 16.2;
				MTL_ENABLE_DEBUG_INFO = INCLUDE_SOURCE;
				MTL_FAST_MATH = YES;
				ONLY_ACTIVE_ARCH = YES;
				SDKROOT = iphoneos;
				SWIFT_ACTIVE_COMPILATION_CONDITIONS = DEBUG;
				SWIFT_OPTIMIZATION_LEVEL = "-Onone";
			};
			name = Debug;
		};
		5E945C6D2980AF1900A8B518 /* Release */ = {
			isa = XCBuildConfiguration;
			buildSettings = {
				ALWAYS_SEARCH_USER_PATHS = NO;
				CLANG_ANALYZER_NONNULL = YES;
				CLANG_ANALYZER_NUMBER_OBJECT_CONVERSION = YES_AGGRESSIVE;
				CLANG_CXX_LANGUAGE_STANDARD = "gnu++20";
				CLANG_ENABLE_MODULES = YES;
				CLANG_ENABLE_OBJC_ARC = YES;
				CLANG_ENABLE_OBJC_WEAK = YES;
				CLANG_WARN_BLOCK_CAPTURE_AUTORELEASING = YES;
				CLANG_WARN_BOOL_CONVERSION = YES;
				CLANG_WARN_COMMA = YES;
				CLANG_WARN_CONSTANT_CONVERSION = YES;
				CLANG_WARN_DEPRECATED_OBJC_IMPLEMENTATIONS = YES;
				CLANG_WARN_DIRECT_OBJC_ISA_USAGE = YES_ERROR;
				CLANG_WARN_DOCUMENTATION_COMMENTS = YES;
				CLANG_WARN_EMPTY_BODY = YES;
				CLANG_WARN_ENUM_CONVERSION = YES;
				CLANG_WARN_INFINITE_RECURSION = YES;
				CLANG_WARN_INT_CONVERSION = YES;
				CLANG_WARN_NON_LITERAL_NULL_CONVERSION = YES;
				CLANG_WARN_OBJC_IMPLICIT_RETAIN_SELF = YES;
				CLANG_WARN_OBJC_LITERAL_CONVERSION = YES;
				CLANG_WARN_OBJC_ROOT_CLASS = YES_ERROR;
				CLANG_WARN_QUOTED_INCLUDE_IN_FRAMEWORK_HEADER = YES;
				CLANG_WARN_RANGE_LOOP_ANALYSIS = YES;
				CLANG_WARN_STRICT_PROTOTYPES = YES;
				CLANG_WARN_SUSPICIOUS_MOVE = YES;
				CLANG_WARN_UNGUARDED_AVAILABILITY = YES_AGGRESSIVE;
				CLANG_WARN_UNREACHABLE_CODE = YES;
				CLANG_WARN__DUPLICATE_METHOD_MATCH = YES;
				COPY_PHASE_STRIP = NO;
				DEBUG_INFORMATION_FORMAT = "dwarf-with-dsym";
				ENABLE_NS_ASSERTIONS = NO;
				ENABLE_STRICT_OBJC_MSGSEND = YES;
				GCC_C_LANGUAGE_STANDARD = gnu11;
				GCC_NO_COMMON_BLOCKS = YES;
				GCC_WARN_64_TO_32_BIT_CONVERSION = YES;
				GCC_WARN_ABOUT_RETURN_TYPE = YES_ERROR;
				GCC_WARN_UNDECLARED_SELECTOR = YES;
				GCC_WARN_UNINITIALIZED_AUTOS = YES_AGGRESSIVE;
				GCC_WARN_UNUSED_FUNCTION = YES;
				GCC_WARN_UNUSED_VARIABLE = YES;
				IPHONEOS_DEPLOYMENT_TARGET = 16.2;
				MTL_ENABLE_DEBUG_INFO = NO;
				MTL_FAST_MATH = YES;
				SDKROOT = iphoneos;
				SWIFT_COMPILATION_MODE = wholemodule;
				SWIFT_OPTIMIZATION_LEVEL = "-O";
				VALIDATE_PRODUCT = YES;
			};
			name = Release;
		};
		5E945C6F2980AF1900A8B518 /* Debug */ = {
			isa = XCBuildConfiguration;
			buildSettings = {
				ASSETCATALOG_COMPILER_APPICON_NAME = AppIcon;
				ASSETCATALOG_COMPILER_GLOBAL_ACCENT_COLOR_NAME = AccentColor;
				CODE_SIGN_STYLE = Automatic;
				CURRENT_PROJECT_VERSION = 1;
				DEVELOPMENT_TEAM = 7HFM72K7QU;
				GENERATE_INFOPLIST_FILE = YES;
				INFOPLIST_FILE = PokedexMVC/Info.plist;
				INFOPLIST_KEY_UIApplicationSupportsIndirectInputEvents = YES;
				INFOPLIST_KEY_UILaunchStoryboardName = LaunchScreen;
				INFOPLIST_KEY_UISupportedInterfaceOrientations_iPad = "UIInterfaceOrientationPortrait UIInterfaceOrientationPortraitUpsideDown UIInterfaceOrientationLandscapeLeft UIInterfaceOrientationLandscapeRight";
				INFOPLIST_KEY_UISupportedInterfaceOrientations_iPhone = "UIInterfaceOrientationPortrait UIInterfaceOrientationLandscapeLeft UIInterfaceOrientationLandscapeRight";
				LD_RUNPATH_SEARCH_PATHS = (
					"$(inherited)",
					"@executable_path/Frameworks",
				);
				MARKETING_VERSION = 1.0;
				PRODUCT_BUNDLE_IDENTIFIER = "com.icloud-crash7333987.PokedexMVC";
				PRODUCT_NAME = "$(TARGET_NAME)";
				SWIFT_EMIT_LOC_STRINGS = YES;
				SWIFT_VERSION = 5.0;
				TARGETED_DEVICE_FAMILY = "1,2";
			};
			name = Debug;
		};
		5E945C702980AF1900A8B518 /* Release */ = {
			isa = XCBuildConfiguration;
			buildSettings = {
				ASSETCATALOG_COMPILER_APPICON_NAME = AppIcon;
				ASSETCATALOG_COMPILER_GLOBAL_ACCENT_COLOR_NAME = AccentColor;
				CODE_SIGN_STYLE = Automatic;
				CURRENT_PROJECT_VERSION = 1;
				DEVELOPMENT_TEAM = 7HFM72K7QU;
				GENERATE_INFOPLIST_FILE = YES;
				INFOPLIST_FILE = PokedexMVC/Info.plist;
				INFOPLIST_KEY_UIApplicationSupportsIndirectInputEvents = YES;
				INFOPLIST_KEY_UILaunchStoryboardName = LaunchScreen;
				INFOPLIST_KEY_UISupportedInterfaceOrientations_iPad = "UIInterfaceOrientationPortrait UIInterfaceOrientationPortraitUpsideDown UIInterfaceOrientationLandscapeLeft UIInterfaceOrientationLandscapeRight";
				INFOPLIST_KEY_UISupportedInterfaceOrientations_iPhone = "UIInterfaceOrientationPortrait UIInterfaceOrientationLandscapeLeft UIInterfaceOrientationLandscapeRight";
				LD_RUNPATH_SEARCH_PATHS = (
					"$(inherited)",
					"@executable_path/Frameworks",
				);
				MARKETING_VERSION = 1.0;
				PRODUCT_BUNDLE_IDENTIFIER = "com.icloud-crash7333987.PokedexMVC";
				PRODUCT_NAME = "$(TARGET_NAME)";
				SWIFT_EMIT_LOC_STRINGS = YES;
				SWIFT_VERSION = 5.0;
				TARGETED_DEVICE_FAMILY = "1,2";
			};
			name = Release;
		};
/* End XCBuildConfiguration section */

/* Begin XCConfigurationList section */
		5E945C552980AF1800A8B518 /* Build configuration list for PBXProject "PokedexMVC" */ = {
			isa = XCConfigurationList;
			buildConfigurations = (
				5E945C6C2980AF1900A8B518 /* Debug */,
				5E945C6D2980AF1900A8B518 /* Release */,
			);
			defaultConfigurationIsVisible = 0;
			defaultConfigurationName = Release;
		};
		5E945C6E2980AF1900A8B518 /* Build configuration list for PBXNativeTarget "PokedexMVC" */ = {
			isa = XCConfigurationList;
			buildConfigurations = (
				5E945C6F2980AF1900A8B518 /* Debug */,
				5E945C702980AF1900A8B518 /* Release */,
			);
			defaultConfigurationIsVisible = 0;
			defaultConfigurationName = Release;
		};
/* End XCConfigurationList section */
	};
	rootObject = 5E945C522980AF1800A8B518 /* Project object */;
}
